{
    "_meta": {
        "hash": {
            "sha256": "18ec9382ba9e31611112c2a11da72c5ba288eda9cca160456ae7800c1c925938"
        },
        "pipfile-spec": 6,
        "requires": {
            "python_version": "3.10"
        },
        "sources": [
            {
                "name": "pypi",
                "url": "https://pypi.org/simple",
                "verify_ssl": true
            }
        ]
    },
    "default": {
        "astroid": {
            "hashes": [
                "sha256:1aa149fc5c6589e3d0ece885b4491acd80af4f087baafa3fb5203b113e68cd3c",
                "sha256:6c107453dffee9055899705de3c9ead36e74119cee151e5a9aaf7f0b0e020a6a"
            ],
            "markers": "python_full_version >= '3.7.2'",
            "version": "==2.15.8"
        },
        "black": {
            "hashes": [
                "sha256:14ff67aec0a47c424bc99b71005202045dc09270da44a27848d534600ac64fc7",
                "sha256:197df8509263b0b8614e1df1756b1dd41be6738eed2ba9e9769f3880c2b9d7b6",
                "sha256:1e464456d24e23d11fced2bc8c47ef66d471f845c7b7a42f3bd77bf3d1789650",
                "sha256:2039230db3c6c639bd84efe3292ec7b06e9214a2992cd9beb293d639c6402edb",
                "sha256:21199526696b8f09c3997e2b4db8d0b108d801a348414264d2eb8eb2532e540d",
                "sha256:2644b5d63633702bc2c5f3754b1b475378fbbfb481f62319388235d0cd104c2d",
                "sha256:432247333090c8c5366e69627ccb363bc58514ae3e63f7fc75c54b1ea80fa7de",
                "sha256:444ebfb4e441254e87bad00c661fe32df9969b2bf224373a448d8aca2132b395",
                "sha256:5b9b29da4f564ba8787c119f37d174f2b69cdfdf9015b7d8c5c16121ddc054ae",
                "sha256:5cc42ca67989e9c3cf859e84c2bf014f6633db63d1cbdf8fdb666dcd9e77e3fa",
                "sha256:5d8f74030e67087b219b032aa33a919fae8806d49c867846bfacde57f43972ef",
                "sha256:72ef3925f30e12a184889aac03d77d031056860ccae8a1e519f6cbb742736383",
                "sha256:819dc789f4498ecc91438a7de64427c73b45035e2e3680c92e18795a839ebb66",
                "sha256:915ace4ff03fdfff953962fa672d44be269deb2eaf88499a0f8805221bc68c87",
                "sha256:9311e99228ae10023300ecac05be5a296f60d2fd10fff31cf5c1fa4ca4b1988d",
                "sha256:974308c58d057a651d182208a484ce80a26dac0caef2895836a92dd6ebd725e0",
                "sha256:b8b49776299fece66bffaafe357d929ca9451450f5466e997a7285ab0fe28e3b",
                "sha256:c957b2b4ea88587b46cf49d1dc17681c1e672864fd7af32fc1e9664d572b3458",
                "sha256:e41a86c6c650bcecc6633ee3180d80a025db041a8e2398dcc059b3afa8382cd4",
                "sha256:f513588da599943e0cde4e32cc9879e825d58720d6557062d1098c5ad80080e1",
                "sha256:fba8a281e570adafb79f7755ac8721b6cf1bbf691186a287e990c7929c7692ff"
            ],
            "index": "pypi",
            "markers": "python_version >= '3.7'",
            "version": "==22.10.0"
        },
        "build": {
            "hashes": [
                "sha256:538aab1b64f9828977f84bc63ae570b060a8ed1be419e7870b8b4fc5e6ea553b",
                "sha256:589bf99a67df7c9cf07ec0ac0e5e2ea5d4b37ac63301c4986d1acb126aa83f8f"
            ],
            "index": "pypi",
            "markers": "python_version >= '3.7'",
            "version": "==1.0.3"
        },
        "click": {
            "hashes": [
                "sha256:9a6cea6e60b17ebe0a44c5cc636d94f09bd66142c1cd7d8b4cd731c4917a15f6",
                "sha256:e6f9f66136c816745b9d65817da91d61d957fb16e02e4dcd0552553c5a197b76"
            ],
            "markers": "python_version >= '3.10'",
            "version": "==8.4.2"
        },
        "dill": {
            "hashes": [
                "sha256:1e1ce33e978ae97fcfcff5638477032b801c46c7c65cf717f95fbc2248f79a9d",
                "sha256:423092df4182177d4d8ba8290c8a5b640c66ab35ec7da59ccfa00f6fa3eea5fa"
            ],
            "markers": "python_version >= '3.9'",
            "version": "==0.4.1"
        },
        "exceptiongroup": {
            "hashes": [
                "sha256:8b412432c6055b0b7d14c310000ae93352ed6754f70fa8f7c34141f91c4e3219",
                "sha256:a7a39a3bd276781e98394987d3a5701d0c4edffb633bb7a5144577f82c773598"
            ],
            "markers": "python_version >= '3.7'",
            "version": "==1.3.1"
        },
        "flake8": {
            "hashes": [
                "sha256:3833794e27ff64ea4e9cf5d410082a8b97ff1a06c16aa3d2027339cd0f1195c7",
                "sha256:c61007e76655af75e6785a931f452915b371dc48f56efd765247c8fe68f2b181"
            ],
            "index": "pypi",
            "markers": "python_full_version >= '3.8.1'",
            "version": "==6.0.0"
        },
        "iniconfig": {
            "hashes": [
                "sha256:c76315c77db068650d49c5b56314774a7804df16fee4402c1f19d6d15d8c4730",
                "sha256:f631c04d2c48c52b84d0d0549c99ff3859c98df65b3101406327ecc7d53fbf12"
            ],
            "markers": "python_version >= '3.10'",
            "version": "==2.3.0"
        },
        "isort": {
            "hashes": [
                "sha256:48fdfcb9face5d58a4f6dde2e72a1fb8dcaf8ab26f95ab49fab84c2ddefb0109",
                "sha256:8ca5e72a8d85860d5a3fa69b8745237f2939afe12dbf656afbcb47fe72d947a6"
            ],
            "markers": "python_full_version >= '3.8.0'",
            "version": "==5.13.2"
        },
        "lazy-object-proxy": {
            "hashes": [
                "sha256:029d2b355076710505c9545aef5ab3f750d89779310e26ddf2b7b23f6ea03cd8",
                "sha256:08c465fb5cd23527512f9bd7b4c7ba6cec33e28aad36fbbe46bf7b858f9f3f7f",
                "sha256:0a83c6f7a6b2bfc11ef3ed67f8cbe99f8ff500b05655d8e7df9aab993a6abc95",
                "sha256:1192e8c2f1031a6ff453ee40213afa01ba765b3dc861302cd91dbdb2e2660b00",
                "sha256:14e348185adbd03ec17d051e169ec45686dcd840a3779c9d4c10aabe2ca6e1c0",
                "sha256:15400b18893f345857b9e18b9bd87bd06aba84af6ed086187add70aeaa3f93f1",
                "sha256:1cf69cd1a6c7fe2dbcc3edaa017cf010f4192e53796538cc7d5e1fedbfa4bcff",
                "sha256:1f5a462d92fd0cfb82f1fab28b51bfb209fabbe6aabf7f0d51472c0c124c0c61",
                "sha256:256262384ebd2a77b023ad02fbcc9326282bcfd16484d5531154b02bc304f4c5",
                "sha256:31020c84005d3daa4cc0fa5a310af2066efe6b0d82aeebf9ab199292652ff036",
                "sha256:338ab2f132276203e404951205fe80c3fd59429b3a724e7b662b2eb539bb1be9",
                "sha256:3605b632e82a1cbc32a1e5034278a64db555b3496e0795723ee697006b980508",
                "sha256:3d3964fbd326578bcdfffd017ef101b6fb0484f34e731fe060ba9b8816498c36",
                "sha256:424a8ab6695400845c39f13c685050eab69fa0bbac5790b201cd27375e5e41d7",
                "sha256:4a79b909aa16bde8ae606f06e6bbc9d3219d2e57fb3e0076e17879072b742c65",
                "sha256:4ab2c584e3cc8be0dfca422e05ad30a9abe3555ce63e9ab7a559f62f8dbc6ff9",
                "sha256:53c7fd99eb156bbb82cbc5d5188891d8fdd805ba6c1e3b92b90092da2a837073",
                "sha256:563d2ec8e4d4b68ee7848c5ab4d6057a6d703cb7963b342968bb8758dda33a23",
                "sha256:61d5e3310a4aa5792c2b599a7a78ccf8687292c8eb09cf187cca8f09cf6a7519",
                "sha256:6763941dbf97eea6b90f5b06eb4da9418cc088fce0e3883f5816090f9afcde4a",
                "sha256:67f07ab742f1adfb3966c40f630baaa7902be4222a17941f3d85fd1dae5565ff",
                "sha256:717484c309df78cedf48396e420fa57fc8a2b1f06ea889df7248fdd156e58847",
                "sha256:75ba769017b944fcacbf6a80c18b2761a1795b03f8899acdad1f1c39db4409be",
                "sha256:7601ec171c7e8584f8ff3f4e440aa2eebf93e854f04639263875b8c2971f819f",
                "sha256:7b22c2bbfb155706b928ac4d74c1a63ac8552a55ba7fff4445155523ea4067e1",
                "sha256:800f32b00a47c27446a2b767df7538e6c66a3488632c402b4fb2224f9794f3c0",
                "sha256:81d1852fb30fab81696f93db1b1e55a5d1ff7940838191062f5f56987d5fcc3e",
                "sha256:86fd61cb2ba249b9f436d789d1356deae69ad3231dc3c0f17293ac535162672e",
                "sha256:8c40b3c9faee2e32bfce0df4ae63f4e73529766893258eca78548bac801c8f66",
                "sha256:8ee0d6027b760a11cc18281e702c0309dd92da458a74b4c15025d7fc490deede",
                "sha256:997b1d6e10ecc6fb6fe0f2c959791ae59599f41da61d652f6c903d1ee58b7370",
                "sha256:a61095f5d9d1a743e1e20ec6d6db6c2ca511961777257ebd9b288951b23b44fa",
                "sha256:a6b7ea5ea1ffe15059eb44bcbcb258f97bcb40e139b88152c40d07b1a1dfc9ac",
                "sha256:ae575ad9b674d0029fc077c5231b3bc6b433a3d1a62a8c363df96974b5534728",
                "sha256:be5fe974e39ceb0d6c9db0663c0464669cf866b2851c73971409b9566e880eab",
                "sha256:be9045646d83f6c2664c1330904b245ae2371b5c57a3195e4028aedc9f999655",
                "sha256:c1ca33565f698ac1aece152a10f432415d1a2aa9a42dfe23e5ba2bc255ab91f6",
                "sha256:c3b2e0af1f7f77c4263759c4824316ce458fabe0fceadcd24ef8ca08b2d1e402",
                "sha256:c4fcbe74fb85df8ba7825fa05eddca764138da752904b378f0ae5ab33a36c308",
                "sha256:c9defba70ab943f1df98a656247966d7729da2fe9c2d5d85346464bf320820a3",
                "sha256:cc6e3614eca88b1c8a625fc0a47d0d745e7c3255b21dac0e30b3037c5e3deeb8",
                "sha256:d01c7819a410f7c255b20799b65d36b414379a30c6f1684c7bd7eb6777338c1b",
                "sha256:efff4375a8c52f55a145dc8487a2108c2140f0bec4151ab4e1843e52eb9987ad",
                "sha256:fdc70d81235fc586b9e3d1aeef7d1553259b62ecaae9db2167a5d2550dcc391a"
            ],
            "markers": "python_version >= '3.9'",
            "version": "==1.12.0"
        },
        "lxml": {
            "hashes": [
                "sha256:00399952909ee229569a675e63aca514cc0801568c6ecd0e59350e0d1ef224a4",
                "sha256:005911f17f526928ace03833f90ff8677990ce20d5b52b1c2c5d4373d336171f",
                "sha256:0175f1aa2a8b2c3f4f075b8284d313f26f0ec7131a4fa885ca1cfc2f01d292fc",
                "sha256:032fbe02d001d2ad7ad3bd2d4d387d651adf7f910bdf85d1633ff7ea4fe26011",
                "sha256:03b3c2687562e13f34c2bb5b79d129342f43c4ae72949ccdfad275066976dfd6",
                "sha256:06597e008f702cddbf710826c1f04d6257eb5814616ad418613306c452ed5de4",
                "sha256:0abee637237fdf33d3374b11b24ffc127a051e54291bbba179a1e00d3068470f",
                "sha256:0e72e5598c885d36ef82833c9dcd8ce0e961b49a2d20bdf59d510bab72485938",
                "sha256:0f0e6826e66d8c095ba34f32f7c4f8585c607b2ed9a36a19dc01da668f64ec8c",
                "sha256:0f3fe2a2e20cd3850cc0575d33e30e2250b3810c373930d447ab48c0d40d7c37",
                "sha256:104d9ab97b0838610af24f346a758a48d8d253d434729e45f08bf9251beb58e8",
                "sha256:10ab55cd9379a6e256410f5541d588a00590aa3aa6ee196417bc735fa60b9867",
                "sha256:12093b3ec8dc092ad3b56575c7642c25002617fc71a7a7fabd2d7e37a7ad6e81",
                "sha256:1270ad92dac96883358b535cd7be091c8fc71b54e024828e0cf8c4603169ed48",
                "sha256:15f37091fd088da6cb9fa061ea1db6c910951342b410f77d711f132c1c91b548",
                "sha256:16a96adf8c45997ebcbdd10b2fcf85d3721b1b61045d72ec7c5e36810cacfb7c",
                "sha256:1b55e976e5d0cdbc69a7fbb90c3d30611624e506daae2153cced20829a9a420e",
                "sha256:1b76167887469ee9e6b57ef8cc6c8ea82380062fcfdf7afe225f2bda6c7c42b5",
                "sha256:1bd3c6b209567d33513451704e7dea6d4af3d141113e10af793191da2b449bff",
                "sha256:1ee97592c7c9c17b8faa52e2b8a8132ca2064f76a4062c13a89349164e17bf08",
                "sha256:1f24edf92b881d7a8ce7c154d61cf3fae0dfe758ad3f64ee2313a6210459ce6f",
                "sha256:220b3006aeadb7c3b97de20bbb0ac1b2a8f2edb59cf9f7e5c214c5f4ac52bf37",
                "sha256:22d00a93edc0f21c2f8a0b07a3baeefa71058cea6fcbbbd5d492b201e52cef54",
                "sha256:2944e368c90d28ec749f4ee403207063f103f4dcd525f4b9de39adbf3e6bb2bf",
                "sha256:2cb7c32bf065487ea674d221f31d070de3729c958d8c6a1b793678a9aa8dce63",
                "sha256:2d4dcdf7cc8204e6ed0a125fbddadfa66f5dc7de19b5cb6035d30abebdc23b46",
                "sha256:2d739da3c28aa4d2981b889bbbb692fde984c3d1711babd4f8dfd5fc8aaf5863",
                "sha256:2e15d99e0e2d17127fbd4ac819412d4c04c958f486a2f1cfd80bbee12f3c079a",
                "sha256:2f54c6c3df04d54b4455108089944a1a5be20f67dd3ab922aa4df681110d63c0",
                "sha256:30966db870cb2fab2c7dd13c451b46d648b98c89e60efed06b6cffbafdc5018c",
                "sha256:32366f4f0214c6b3d4115150d282b93d6d27dfd56195656839346ecb76a661d6",
                "sha256:324867f3194a21e73e2f2da9a18360a92caf73d8e3f0f9bbdb275fa35c08de39",
                "sha256:32b3b4ddf32a6d14e27f7520d5ddcea79acc5115de561e7685ed9200b5e1bf0f",
                "sha256:375c28e1062917a27c1ed3f384690dd4968683ff4414121111291530a4ee13f0",
                "sha256:383826605f9814c3b67db8e7987095dc6695114c3251fc2e8e0f2777f7ef2253",
                "sha256:39e4fdc563269eaf05dce07ca0371923ac83bc2e73e8ff6a800f7979a74abdbe",
                "sha256:3a4a61ba582b0040dee02d80a8fdbcee0b33f06a22e6f558c7e5471acc2eb65e",
                "sha256:3de4fc6c4f9966fac48471074a40f255b5dc6863c2408603c3b842d739521ad4",
                "sha256:3e91ef866bd5cb2452a952e2b483ed97f3d81551008f57a27eba90862120ec5a",
                "sha256:3ed19be35a88efd9db2a5498aecc743ac50e5725e39d7a706be3c4244289b6f8",
                "sha256:42dc13994f4bea2118d62a621911a236269132283b3d3ab6d516097c65e4ca6f",
                "sha256:46950e90aea5be0e4c97e0673ea88bb91cc498fa5e57a99f1be0870fb059ba85",
                "sha256:49266b1d59da8373fb8b11e1dd3453e756e4763033bfad09209a775da9a13097",
                "sha256:4d459077eaf65283cc7cca2179b3cd647e5af533e5c991973aa6a5b192ba8483",
                "sha256:4f4abb95384eaaa7bb851fff59fc4edfe50024510f8c5e592de3fe4fd4a561c0",
                "sha256:501da771eebc73f429d49cfb2948f7a345a7112a7be31d4e5bba875dbf77be5e",
                "sha256:5239700b2be7b629864f7c1da087eaccb2930949be230f06fac0ec884c059112",
                "sha256:54efef916b6d5b4985226bf8b58c1604b2a8d0927cee6d20995713a298c249b9",
                "sha256:56651cd2cf15562454fe574363d0c741579d940c4fde8ab83be7b92ad5099a30",
                "sha256:5b26ebc0659f69ae4b820652fcbd6926815ab33d55b3789ca0b9283972fafdb9",
                "sha256:5cc69ba7f37d601fcdc4e1156405e6e3113443906a2faafb261e327db8654c10",
                "sha256:60ef176adb24ecfd37fde8bababa6074b83d9fe7f49616dcf9c82c99d92886ee",
                "sha256:6171664bf87a1bc85b9915383dd5ff8d9f5304fc3fb3025794f9cec2afac08eb",
                "sha256:61a7d5a4385faa2bad2ee74fb3a65db5285f49d137ffd28d9714f39bfe9a25d5",
                "sha256:61eb2097b3b3f889640551bd609140c1d0b7cb04562eddbf08613f0ec580ea80",
                "sha256:63e2fa2c40c127cb42c377f055f04862ef989dae89f236bd49d307f39a23c56c",
                "sha256:664f56f94c5e9685e9b3fb6fe60f92c7e49dca8f0a3f95148f402f4b648bb28a",
                "sha256:68013de481cc2b1e4865b12dc9ed6b5ac729b2b5e724627ec96dfb2717d1f92a",
                "sha256:6a8d30425433c52722eada9140598228a5d65f22fe6c8cf6f11d58a9c6e06dbc",
                "sha256:6ad47427abe1fdfe9c08ffe09dcc78429041c65f7ba01ba9756743bf714916c4",
                "sha256:6b90de57d75b05ca5ae5e46e1d2fe7301758ecc4868c843ea10cfcf83e5da21d",
                "sha256:6c1a75d1f11944cbb93b770ea3e93a93eda0e6486df8ae2e943b760d9d505cae",
                "sha256:6e6be955c7416bb1a9da87d0681c5ed3d18653d4e97f406b2c99bdbea42a9b5a",
                "sha256:6f64bad0f6de462db33baabe5329560b93b0c26d51d83e58bf5aeadfba5ca686",
                "sha256:79f77375e15c8af12597c18edba55de83d8df2aee37a2b4904083d4e5fe100c6",
                "sha256:7c5191d995d7927b131d408109d7b5703fd32ee067d08d484567f751818b0465",
                "sha256:7d8f730da7d5bc6898f6afd7dbf0a028f648e75992e5d33f363c0c1008970b32",
                "sha256:7eaafc7143747c8f85d57f61ab171deeef94675a7f413e68867cf8e6e09692a0",
                "sha256:7f6959490e1d6d141833788c257383b0b3060f0589678673454b387b600b625d",
                "sha256:7fbac5c2e3721404e61cf3df9dd4c4d627eb4c615423dd6f666ae73db381220b",
                "sha256:80df8ed6c89a53d8183f0371671bccd65d434b68401818c2020c9b7992f3b7b9",
                "sha256:822480742e82147a2501345f1c3bbed2e372a67f2d8288e9bafe922433233185",
                "sha256:822e9ed689ab0cd44b49fcdb08bf828032e7bb7ba719df48a1d84078fd5c3eee",
                "sha256:82a37bda527ce5671827daf698ca99028c6291225a2e8e6b4a5305d1a3a00b62",
                "sha256:8542a49345c38daf3748d3d8f19e58ddc84797fc6769d366db1f5deeb71c25c2",
                "sha256:876f8d52caedd470e312b05e74f6e442831a0f0a011d71dfd1898b8d0e4ca32f",
                "sha256:94f280abf0a04592d3ce74c143518ee416374268434d498a3f2b6ebd2b2ae6ca",
                "sha256:9516e8c0b05338a25661c4dc283507a63fdf45ab19ddbb3bba45ca62a24f2ae9",
                "sha256:9733b1aa51445caa0b7e0b1ec3c96992d5a258c5a2e0503cbfaf209e51b8630d",
                "sha256:9899ee4195a8d13b66a73f38c8a43ab7426bf49a41b9a862b260188c165c5e4e",
                "sha256:98ceb6b20053348f6995699d9cf7bb6ce1e6469557c3cb972c150919e2b2c800",
                "sha256:9d5bb9a063a16b9046d723af9582ae27849b49be426174631e9a0284a38dc9e2",
                "sha256:9e85d628005e660a678d84090138caa3ebf4c77c91e33ecda3db97c184f38c07",
                "sha256:9ec063673fa1685b5883cfcb55c8d920ee15768c8850dbffea1a94af0b5e57af",
                "sha256:9feb496e3c92723d1c820cf2b6a912bd95828861efa2dc2851f550f641dbf5db",
                "sha256:a9842e0028c57148942b6c95114484576de83db3da6678aac3922b25dc3c1cca",
                "sha256:aa2c5f6945f417c8189bae371c28285225206ec02ad91c8d3f29cbfa8b96c936",
                "sha256:aa9a64a350df2d2ee12bb83092889cc1349836c6b119224beea8d381ec7cb1ca",
                "sha256:ab36e21ebcaf14c7cff0bd47f6a0f4058ede27ca831a3f00160d5b288a727e05",
                "sha256:ad1aa5e93b6ac0b00a0b880ec6454b3bfdf12abc6fabed61ddc71aafdaf2c55b",
                "sha256:afd8504f2ed77b95f67b5c07daaaaaa7c5e8848191307a0845e0eb63a3d217ce",
                "sha256:b196211dccea50f552605007b8096b59a3c58265d10ba79f9f9c6f5a29bfd885",
                "sha256:b1e78404d4c1842a6c2ac57fb37c0132846996b224c3264d0b807f337def1c84",
                "sha256:b708ca168b7e9405dacc74b728d9395815e3df79fe690abc0f89faced7627e23",
                "sha256:b7efa39b384db9cc9f12d08ed39ed03b1ddcb5248d547d101e445dd16cbea4f2",
                "sha256:b8f1cc432df57fa6001508385a9edae5f6efc7652cd15ebadc6de11bf96d1b5c",
                "sha256:bb84e340db120c12c11f7979b70c9510812f19e2b966573de82112b2c5d867a0",
                "sha256:bd80c2dcb65b48bccb7efce2573b2890f440d34a205d3572fbeb85d2a2389f87",
                "sha256:bdfc1708df864b873b26e0429528a8c721a2c7500a859b1353a39a531a7f0aeb",
                "sha256:bf0eaefe3fcae821a99a0649325cc0d13e05f99a260459fb9ee3c64779cce208",
                "sha256:c45d3963a8d992218c2140e5cc334cd890024fa5d91673410d4227b59bcac620",
                "sha256:c65416e4ae595ffa11f1ee626abce4620b881b37f2bd385099075884ce9bf949",
                "sha256:c67996c2f9b8e61a468e0aa65e625da36ce80fc73be8e5dd2d5b68d70142df2a",
                "sha256:c7fc9f5a28376b37e17a7f1306d7bf4117550a5d67f3287b5fe754bf54079379",
                "sha256:c9f55c2c6316c7b493eb76da9b83b8e24059e592975b09ecc6b9a0e8909e5217",
                "sha256:cb31ac99ee880bfc9cc080ab887ccd39cd8f4c654443be66f8383fda47c4a120",
                "sha256:d3bf781917cad3f32e4dba6c24a92108a7c4256315200f9d891246a388beac3a",
                "sha256:d403e3509ec7f812462cf58d269b98be7e0486a9e65f84532ef643864606247f",
                "sha256:d47fcc9c63406807d9f774bdcd1bddff2677c7445951730e4045834a04985911",
                "sha256:d728fe9221c9d09957653114ebf0fca2180fe3e347a87bf19c1b30672e96175c",
                "sha256:d7a02ac83e4692b8f193606f34be975b2d305fddb18379fb31a089adab0ccb73",
                "sha256:d7d4d4266f048bd006d8d15406706b90820928f37b006ee0c34706a66a0686cc",
                "sha256:d90e41f4a924474ec9428075208dc75c00360432ec9a103922ee9c7bb6ec2b4b",
                "sha256:daf7cfeb7b50d34d894e7c5ba364952166d026a901ab92811f30318c47d30fd4",
                "sha256:db4df8cd306d0159edcaa47aae2febd7ce009d0f5a2fcabd3cb821339a0ecd4c",
                "sha256:e030908fea76f4eead2e854a360d7c63661960d9a28f1d697b4b080c40d0b209",
                "sha256:e5613ce002295d3d744c501e86c181952addb09cd3f799ad3a81a20cbc391405",
                "sha256:e5e3ff943a0db1c58757d04be0a89eeecea49eab520cd71eefa814bfd3f28ec6",
                "sha256:e8f7dd9de1fd5c6645f4ea4dc321c4505f87bdca1f4970e8259757be617bd77f",
                "sha256:ecfa775b09bf90128c284d5c0375b045359d221f564a8b48371e81c293b7943b",
                "sha256:ee59784d147d8a8511194f1ce3e529ffee837381eff9e0a7774376bfd735deb5",
                "sha256:ef72806eaa499881d16b5dd4a3a15fa00f4005d843e6aa174b01132b8ff6cb99",
                "sha256:f2d3895582b266d1c2d83325cd1ed969fc04fe8cb4a0738bc50a6bea2ec2c354",
                "sha256:f632054d84a5882f8b9cd28847a047e496ccf9bccf06cceef7446a04a8dc3b8c",
                "sha256:f92a85592443d6ded908d1d9197f8b82a859bb99e5027f01921d085b0b7210fe",
                "sha256:fa4d6b74c518c7a3eb618049c78cfbee3ffa50f99f19734024e2e6789a1a7a99",
                "sha256:fadff422580bf3374fe167ea9cf87a59de5d9d0601c89c6340822ad2adedf774"
            ],
            "markers": "python_version >= '3.9'",
            "version": "==7.0.0a3"
        },
        "mccabe": {
            "hashes": [
                "sha256:348e0240c33b60bbdf4e523192ef919f28cb2c3d7d5c7794f74009290f236325",
                "sha256:6c2d30ab6be0e4a46919781807b4f0d834ebdd6c6e3dca0bda5a15f863427b6e"
            ],
            "markers": "python_version >= '3.6'",
            "version": "==0.7.0"
        },
        "mypy-extensions": {
            "hashes": [
                "sha256:1be4cccdb0f2482337c4743e60421de3a356cd97508abadd57d47403e94f5505",
                "sha256:52e68efc3284861e772bbcd66823fde5ae21fd2fdb51c62a211403730b916558"
            ],
            "markers": "python_version >= '3.8'",
            "version": "==1.1.0"
        },
        "packaging": {
            "hashes": [
                "sha256:94edc256424af38762eb31306eed28beb9f0efc50a8837492c9d6fd6004aed79",
                "sha256:d7193f7c8e4e93f444fde0262bf90af30e16fa0ad0ad44cb553c87339b23cd1c"
            ],
            "markers": "python_version >= '3.9'",
            "version": "==26.3"
        },
        "pathspec": {
            "hashes": [
                "sha256:17db5ecd524104a120e173814c90367a96a98d07c45b2e10c2f3919fff91bf5a",
                "sha256:a00ce642f577bf7f473932318056212bc4f8bfdf53128c78bbd5af0b9b20b189"
            ],
            "markers": "python_version >= '3.9'",
            "version": "==1.1.1"
        },
        "platformdirs": {
            "hashes": [
                "sha256:2efd27d363e8dd2e661639ffb398865a5e0a46442a11d266bf375a0e0c10e386",
                "sha256:bb1af68078f25e2f3e111e2d43b8d536df41b73c8a684b40bb018223b66fae27"
            ],
            "markers": "python_version >= '3.10'",
            "version": "==4.11.1"
        },
        "pluggy": {
            "hashes": [
                "sha256:7dcc130b76258d33b90f61b658791dede3486c3e6bfb003ee5c9bfb396dd22f3",
                "sha256:e920276dd6813095e9377c0bc5566d94c932c33b27a3e3945d8389c374dd4746"
            ],
            "markers": "python_version >= '3.9'",
            "version": "==1.6.0"
        },
        "pycodestyle": {
            "hashes": [
                "sha256:347187bdb476329d98f695c213d7295a846d1152ff4fe9bacb8a9590b8ee7053",
                "sha256:8a4eaf0d0495c7395bdab3589ac2db602797d76207242c17d470186815706610"
            ],
            "markers": "python_version >= '3.6'",
            "version": "==2.10.0"
        },
        "pyflakes": {
            "hashes": [
                "sha256:ec55bf7fe21fff7f1ad2f7da62363d749e2a470500eab1b555334b67aa1ef8cf",
                "sha256:ec8b276a6b60bd80defed25add7e439881c19e64850afd9b346283d4165fd0fd"
            ],
            "markers": "python_version >= '3.6'",
            "version": "==3.0.1"
        },
        "pygments": {
            "hashes": [
                "sha256:6757cd03768053ff99f3039c1a36d6c0aa0b263438fcab17520b30a303a82b5f",
                "sha256:81a9e26dd42fd28a23a2d169d86d7ac03b46e2f8b59ed4698fb4785f946d0176"
            ],
            "markers": "python_version >= '3.9'",
            "version": "==2.20.0"
        },
        "pylint": {
            "hashes": [
                "sha256:5dcf1d9e19f41f38e4e85d10f511e5b9c35e1aa74251bf95cdd8cb23584e2db1",
                "sha256:7a1145fb08c251bdb5cca11739722ce64a63db479283d10ce718b2460e54123c"
            ],
            "index": "pypi",
            "markers": "python_full_version >= '3.7.2'",
            "version": "==2.17.4"
        },
        "pyproject-hooks": {
            "hashes": [
                "sha256:1e859bd5c40fae9448642dd871adf459e5e2084186e8d2c2a79a824c970da1f8",
                "sha256:9e5c6bfa8dcc30091c74b0cf803c81fdd29d94f01992a7707bc97babb1141913"
            ],
            "markers": "python_version >= '3.7'",
            "version": "==1.2.0"
        },
        "pytest": {
            "hashes": [
                "sha256:1088fbde8f2b49d95a549a195707afa7a76a3ce9bcadc26b6d71f0ffda5fe313",
                "sha256:37a86b45efb9a47a61a36449063e8e18d0cab3161329fc099eb21783169c4f0c"
            ],
            "index": "pypi",
            "markers": "python_version >= '3.10'",
            "version": "==9.1.1"
        },
        "pytils": {
            "hashes": [
                "sha256:9992a96caad57daa211584df1da4fd825f11e836d3ed93011785f1d02ab6f0ca",
                "sha256:e54c16465a5fdb65d414e2da8045e6cc6de79889acda6143dcef2e1e86a1a840"
            ],
            "version": "==0.4.4"
        },
        "six": {
            "hashes": [
                "sha256:4721f391ed90541fddacab5acf947aa0d3dc7d27b2e1e8eda2be8970586c3274",
                "sha256:ff70335d468e7eb6ec65b95b99d3a2836546063f63acc5171de367e834932a81"
            ],
            "markers": "python_version >= '2.7' and python_version not in '3.0, 3.1, 3.2'",
            "version": "==1.17.0"
        },
        "tomli": {
            "hashes": [
                "sha256:01f520d4f53ef97964a240a035ec2a869fe1a37dde002b57ebc4417a27ccd853",
                "sha256:0d85819802132122da43cb86656f8d1f8c6587d54ae7dcaf30e90533028b49fe",
                "sha256:136443dbd7e1dee43c68ac2694fde36b2849865fa258d39bf822c10e8068eac5",
                "sha256:1d8591993e228b0c930c4bb0db464bdad97b3289fb981255d6c9a41aedc84b2d",
                "sha256:2190f2e9dd7508d2a90ded5ed369255980a1bcdd58e52f7fe24b8162bf9fedbd",
                "sha256:2c1c351919aca02858f740c6d33adea0c5deea37f9ecca1cc1ef9e884a619d26",
                "sha256:36d2bd2ad5fb9eaddba5226aa02c8ec3fa4f192631e347b3ed28186d43be6b54",
                "sha256:3d48a93ee1c9b79c04bb38772ee1b64dcf18ff43085896ea460ca8dec96f35f6",
                "sha256:47149d5bd38761ac8be13a84864bf0b7b70bc051806bc3669ab1cbc56216b23c",
                "sha256:4ab97e64ccda8756376892c53a72bd1f964e519c77236368527f758fbc36a53a",
                "sha256:4b605484e43cdc43f0954ddae319fb75f04cc10dd80d830540060ee7cd0243cd",
                "sha256:504aa796fe0569bb43171066009ead363de03675276d2d121ac1a4572397870f",
                "sha256:51529d40e3ca50046d7606fa99ce3956a617f9b36380da3b7f0dd3dd28e68cb5",
                "sha256:52c8ef851d9a240f11a88c003eacb03c31fc1c9c4ec64a99a0f922b93874fda9",
                "sha256:559db847dc486944896521f68d8190be1c9e719fced785720d2216fe7022b662",
                "sha256:5a881ab208c0baf688221f8cecc5401bd291d67e38a1ac884d6736cbcd8247e9",
                "sha256:5cb41aa38891e073ee49d55fbc7839cfdb2bc0e600add13874d048c94aadddd1",
                "sha256:5e262d41726bc187e69af7825504c933b6794dc3fbd5945e41a79bb14c31f585",
                "sha256:5ee18d9ebdb417e384b58fe414e8d6af9f4e7a0ae761519fb50f721de398dd4e",
                "sha256:7008df2e7655c495dd12d2a4ad038ff878d4ca4b81fccaf82b714e07eae4402c",
                "sha256:734e20b57ba95624ecf1841e72b53f6e186355e216e5412de414e3c51e5e3c41",
                "sha256:7c7e1a961a0b2f2472c1ac5b69affa0ae1132c39adcb67aba98568702b9cc23f",
                "sha256:7f86fd587c4ed9dd76f318225e7d9b29cfc5a9d43de44e5754db8d1128487085",
                "sha256:7f94b27a62cfad8496c8d2513e1a222dd446f095fca8987fceef261225538a15",
                "sha256:88dceee75c2c63af144e456745e10101eb67361050196b0b6af5d717254dddf7",
                "sha256:8a650c2dbafa08d42e51ba0b62740dae4ecb9338eefa093aa5c78ceb546fcd5c",
                "sha256:8d65a2fbf9d2f8352685bc1364177ee3923d6baf5e7f43ea4959d7d8bc326a36",
                "sha256:96481a5786729fd470164b47cdb3e0e58062a496f455ee41b4403be77cb5a076",
                "sha256:a120733b01c45e9a0c34aeef92bf0cf1d56cfe81ed9d47d562f9ed591a9828ac",
                "sha256:b1d22e6e9387bf4739fbe23bfa80e93f6b0373a7f1b96c6227c32bef95a4d7a8",
                "sha256:b8c198f8c1805dc42708689ed6864951fd2494f924149d3e4bce7710f8eb5232",
                "sha256:c2541745709bad0264b7d4705ad453b76ccd191e64aa6f0fc66b69a293a45ece",
                "sha256:c742f741d58a28940ce01d58f0ab2ea3ced8b12402f162f4d534dfe18ba1cd6a",
                "sha256:c7f2c7f2b9ca6bdeef8f0fa897f8e05085923eb091721675170254cbc5b02897",
                "sha256:d312ef37c91508b0ab2cee7da26ec0b3ed2f03ce12bd87a588d771ae15dcf82d",
                "sha256:d4d8fe59808a54658fcc0160ecfb1b30f9089906c50b23bcb4c69eddc19ec2b4",
                "sha256:da25dc3563bff5965356133435b757a795a17b17d01dbc0f42fb32447ddfd917",
                "sha256:eab21f45c7f66c13f2a9e0e1535309cee140182a9cdae1e041d02e47291e8396",
                "sha256:eb0dc4e38e6a1fd579e5d50369aa2e10acfc9cace504579b2faabb478e76941a",
                "sha256:ec9bfaf3ad2df51ace80688143a6a4ebc09a248f6ff781a9945e51937008fcbc",
                "sha256:ede3e6487c5ef5d28634ba3f31f989030ad6af71edfb0055cbbd14189ff240ba",
                "sha256:f3c6818a1a86dd6dca7ddcaaf76947d5ba31aecc28cb1b67009a5877c9a64f3f",
                "sha256:f758f1b9299d059cc3f6546ae2af89670cb1c4d48ea29c3cacc4fe7de3058257",
                "sha256:f8f0fc26ec2cc2b965b7a3b87cd19c5c6b8c5e5f436b984e85f486d652285c30",
                "sha256:fd0409a3653af6c147209d267a0e4243f0ae46b011aa978b1080359fddc9b6cf",
                "sha256:ff18e6a727ee0ab0388507b89d1bc6a22b138d1e2fa56d1ad494586d61d2eae9",
                "sha256:ff2983983d34813c1aeb0fa89091e76c3a22889ee83ab27c5eeb45100560c049"
            ],
            "markers": "python_version >= '3.8'",
            "version": "==2.4.1"
        },
        "tomlkit": {
            "hashes": [
                "sha256:177a05aece5a8ca5266fd3c448abb47b8d352f09d477d3ca8332db4d89b24304",
                "sha256:e25bbf38843005246210a12982776f27f99cb9be67160e14434d0c0d21ee1e97"
            ],
            "markers": "python_version >= '3.9'",
            "version": "==0.15.1"
        },
        "tools": {
            "hashes": [
                "sha256:7b7f998462cf5b02635fba76cc7cdb3653468aa46ff074b979dbecdb2a2fb014"
            ],
            "index": "pypi",
            "version": "==0.1.9"
        },
        "typing-extensions": {
            "hashes": [
                "sha256:481caa481374e813c1b176ada14e97f1f67a4539ce9cfeb3f350d78d6370c2e8",
                "sha256:dc983d19a509c94dba722ee6abd33940f7c05a89e243c47e907eb4db6f1a43e5"
            ],
            "markers": "python_version >= '3.9'",
            "version": "==4.16.0"
        },
        "wrapt": {
            "hashes": [
                "sha256:033b67f5cc44d992221617ea6be6f12d8857b90a5d0901738f4f6c92498d3298",
                "sha256:057f3e0c29ca00e296e1a553f3117236fd2cdf2a4a0d7f313b4ece35be1b3290",
                "sha256:076702de22f5df07bfaeb67ac750aabe2167fd703ed60ac8e2edb42a082119e8",
                "sha256:07ce2a22e86f287c47f2a70b345132d31dc90cdc0f1c029bc83f5619f2c7ca42",
                "sha256:094bef74a0ef4c04416775a4f1965b2a29847d6aafa935229c1bf9d18f1d8c58",
                "sha256:0d88a70ec3f088c5bae309bef6944bf76328d2bc705ba76a81a5314dde15bc42",
                "sha256:135502cbad8bea30d9f3e1b82aa614c61633ea21f29fb44f3d54285e7f4ea88e",
                "sha256:1374e2051eff90875b3331dc5930209807db9e03ba863c2a9009ab7ba77daa7c",
                "sha256:14c3abf8bee3f4a8fca44e77464fe5321bc7394f96666fa244e724e71a2fa4f6",
                "sha256:16426870299de6370b93760a50ae5bc813548f4666e6e515dcce3ec7601b9c59",
                "sha256:1713dac1faf01465058481dd07f7632847ca8867e77347527788aff0bdb32d8a",
                "sha256:19c0363cb46f42cf5536c7b9d9c921cc1ae24e55fe4d45c3a19315e9f2aa8964",
                "sha256:1b7e19f9160fb82f1f66bae2b331bdd422268ae0b85686f77ca8548be0341b4c",
                "sha256:1f396cbe03ee30bb9132b301b96de274febe0ada7f11f881ae5d9ac5b478cc0d",
                "sha256:201acefeff4fc6d497f411595c46f79eb91e562fa4883847db8148474a1e3d80",
                "sha256:22e85eab852e7182c41acef5f9d95d5d63a1b115910951fb38feccf67b514818",
                "sha256:23d86fd28197b8731cd9ab195e98d539c4e67a39639cb71b31ee59c2a052f27e",
                "sha256:2712e6caad2a5032d6496612eeca5cdb65fadd6da55c5f931d556ac656e3ebdd",
                "sha256:27bf0d37ebcd4a43e8369eaf60dd9ea45f30933a921453f61bd6476ffe39bbfb",
                "sha256:2bdf836e6c8e8f26c85716c08a0063309a2d9362e090b499f32fc4de8f2c651d",
                "sha256:30ff4b3bf8aec3c13e839974bb0b12995c791321c996f0480fb55176e63da7bd",
                "sha256:3102bbdc650a7e8fd8672e51c6d204688fc75257e2d3c6a12172a8e05c2ab0cd",
                "sha256:374417d9751cda9c5438b92109dd1c489cf10098742b7a828a71cf0611905045",
                "sha256:392c1032e74bc47815ce6acaf26bb235c103110a3d90cdc5b11165bc0b5ea187",
                "sha256:3a75d0e6d701a09ef34bd09d8f04c7ded2fe4115c320ee0ac82f5d53efc8b0f5",
                "sha256:3c71987fcfbc7bef54e19d31aa44f80ce4656f03fbd02eb6246b192a1c4757e9",
                "sha256:3cc643e8cc497958631ca427054cf669b60595aff78f195cc3e47a59aabdb4e1",
                "sha256:3dcf7b65ca203123c8613ae609441812b53ae047495e72b0dc423e5d31510128",
                "sha256:3e2f5e602d656b53118bfdc9d5d94b840069f1753923e48726f0bc02dd65deb8",
                "sha256:3ed597307c29facdfe47eb5521123b121d189a2bbae3e34dfaf10a1f8ebb9bc1",
                "sha256:3fe8403b28acf201e191f59b36d18d47eda398bf8d4e433bdd5f815b6ae4a9c0",
                "sha256:42ea3a5f62f5980031aaf6e28074cb17cea8df06cb828bcd2882d525f7ccc2f9",
                "sha256:4384529d0f82bcdebec1d01f7b714b31ea34ee1b43a8399df5ed0db443bf6551",
                "sha256:44edeaf45e144c2de1102427530790c32eeb0084451f7816a58d744d077e0b3c",
                "sha256:474a45ee2dfa6bb8c1a2a63fbc91c53da010caece85464a334fdb9aabafb6ecb",
                "sha256:479cd1ccbf9c8f5189ee2d8f83f67e990df4b8a9d25575bf0b1a981155243066",
                "sha256:488c903c475c54ef062f6a2c0c49dffd608d501bc8d05e061ff19eb794f31fb2",
                "sha256:491d11b84ac47568ee88777304c42d047d33307ec82162235d7e8261ee983eaa",
                "sha256:4a49362c611ad35eca0ba9d44da636dceef3d517616abce11b17fe23f9813647",
                "sha256:4b1a1ce7c6f7ae8d3acc582e9d00b006ef6987e971b048e6d4989166dba720ba",
                "sha256:4b43e685683fd503dd45843e8af98541c0d96e08d392424467cd7e0850464dd4",
                "sha256:4d8ed3e2538fbacd8b62462c58676aabba38ca8e9e8ad6c11ed94ec0db926e29",
                "sha256:534b591a7312212aaa235d628277923a6271e1b38dec85e398ecbaed6362821b",
                "sha256:551d2a213944c91d1fbcbc5fb2beb5f524f3839521c651c9216d857840a26747",
                "sha256:5be27331b6eae2317350c4adee1cf92edc0866cd7db726f574f10c8db227c134",
                "sha256:5cd6422d3edf0f6c8db8683a8b5fd39dbf09126ea52c8b5edb814b1821bc38a6",
                "sha256:5d1a4c658bea05c1b22ae374f74c25b400535f3dccbf795b121153d5628216f0",
                "sha256:5dbf8fab5fb54d17c45cd668b6c7653657639942945a8bb4e46b48e3488d7c24",
                "sha256:647fae8af1ac1789023ba267fd84522096db737a522597b53fbf3fe2b45482db",
                "sha256:66b0485668cff7bfac0eaccccb3a991dba3f0d5205d6bc5a9c69aa120b2b6ccf",
                "sha256:66c8275400f7eda2b06ec0154aa93abb0172703243a1a1c7319e1bdfbb74b191",
                "sha256:6a02b14dfc3ded8f1be82d824628ccda63ac37d1833c8328adf7a6b019f6a230",
                "sha256:7062f45cc386554e94521da25cf1b89b65e72ff5e1b62c2c6735a5c4dfe61b19",
                "sha256:73016054d0e32a65fa5da708e839be3036c786416adca00a0444aec5837b1b83",
                "sha256:7813c283b581af923729248858aaf17b673403646f9cbda20a67e8ab74e2881e",
                "sha256:7d00e2453975a6519cbdde4812234ab0183860011aae2316acbad46f3b8e84e9",
                "sha256:7e4d2e2eb0fae6ff81206779b222c9c2a1bad44e7de86cf765c6e35800b79d63",
                "sha256:89b5fe920975e4e63099aeb194b51ad0ad84b45995dada353aa1e5a551462fd0",
                "sha256:8b3a9ed0f966b6a199e251800f5ee895bb41694ad1bb92f19446cbb90e68cdec",
                "sha256:8dce36a1ba360d8ac902de17d35941b763db63b2262333d136a6ada6f4938948",
                "sha256:8f24f4d45043b38a1f46b5edbb671326d12c045cc3d072507edfbebcb113a9ac",
                "sha256:931dae558932c8ba8e4de77ce92ed505fe5a8fd9dab66a2cbbc9d5d3a3a32bb4",
                "sha256:93deb5efb3e64e145ef47a0205c4fc17c00a056c02dd0d9f182c29413cecd7c8",
                "sha256:95be0b13dcde68f73921026c66b4bb464a299683365a7243b5db49f220e5463f",
                "sha256:97a6d6b40c2347fc6ea5017c715a4ac0a29716ae17b70060f24c1ca22757289a",
                "sha256:9cc3fb27bc5f564895c967b9b06dd2b799ee107b33a7f8ad8b8346b5d6b35b60",
                "sha256:9e1f828a32b4e71b6349a00a0a3bcc9e41413e0005160fb70601b83cb171ce6e",
                "sha256:a33bff65de96bc32f7f1df1492c2808068070ed0f42f1fcef2b47846f6a6a03a",
                "sha256:a35158b0bf2c2d2033eba3c56832e803d73658dc4e92f14f1ea4c92ab0dfaafe",
                "sha256:a3ef8f9aad3593f3b00527da3815e15941caf169c51da5da18e64d1949da3f29",
                "sha256:aaf599f8535cbc8c7c016763e72486cfeae933382f23b2c1b632952bee4f11ae",
                "sha256:ae3dabc85555f5a8330b324d466d577f3cc60669150fe8e381719b5b680113b0",
                "sha256:aecf9a89d87bf579e79fb2fa774e21051e7663a1c6d6914481e5d117779ace72",
                "sha256:b0585d1b0c79e16d0f771709245dbb39fcc6f1684778a72bd27e022d7f6b84d1",
                "sha256:b1ec6fef57b7ac0df891f3da3f4ae4f2de37ce78db8a0d971c811da8c7b950c3",
                "sha256:b302dc5e126057f74b82223c3b19a41dfeead10292667be1538985ef75034f3b",
                "sha256:b33924bc82cc100e8e60abc201c6abae99fd8b8a917564b1df1f15e151e06179",
                "sha256:b3512a8d7712294c328c389a72b2ba89d70429dfda5fc0be46e48cb4002fd47c",
                "sha256:b6b3c400c7c7b6346e9d3d22f036443ff033fa924d472715d127f169e8f9e137",
                "sha256:b7e86063ed1d5b46e2c6ac7c3c8c9bb1b47e47d3ceb804a93f566d1294810505",
                "sha256:bbdb8aef7ac314a80654c85596e3f01faeee8baf39f27db8fe9de9282807c918",
                "sha256:c34c4882d62eadc04ea0076390f797984d81cd7d920da80baec82e67aad11641",
                "sha256:c53fcd7cf09a223eaab9f425dda6e38929f4534112df0def102ffa5ef9da6086",
                "sha256:c5e9e219bd65d89356da8af2168fb23e3480736949ffad617d6d73a16039a5dc",
                "sha256:c710707166eed80e37242d754a204f4c07b8f3ab8024b07d583f48024d260a05",
                "sha256:c85cf9d6017e5188697a5947dd76f29ba1c56707ea612173b1b1ee1bc27b9601",
                "sha256:c94efd8ca87b9333590b6ee0384a0863ad92b54646232396c3c8043b0d115d49",
                "sha256:cdf6f897881f20dd643f15307b9811915245ca97d153711f51d1bae99407cd41",
                "sha256:d1723f7704c135b62a619635c996bce9e1bafa3c9fa8acf2a8d2ccdec4bcb73f",
                "sha256:d359206276acd2bff64638b84e822f4c0755fded428e5cfd6421faa04ecca9c1",
                "sha256:d665e1f4bdeb551c55a56fe076f3da2aa4acea9b5108723adf4347b9af17bb70",
                "sha256:d7643e693e4a3464cca81cfeefecb1a26082bbf30c248a839a02f2add2883b8e",
                "sha256:d8f67707f553821691228bf3596bf60cf83e112c230ca4ebfae759feed20cf57",
                "sha256:db3ea738ffd95b88a5874ed6c7d26ffad1b482a5b8036e7b4b667926d3d5d728",
                "sha256:e24a05dae0ba49ce5f490bffc4e369a5770663c789c0bc862de8ac235b18394d",
                "sha256:e27719a9b75517191cbe23e5f54dd410f39076d6e8369c259a1b990c6ac924f4",
                "sha256:e3c416646207cdb6efb8e8f7cd6e39edb795560ddd56563569fa2bc2abdd63f1",
                "sha256:f45f0f40b11a3701e9dd0d88aa97472f8dbf71a7fc56c5690c8968a6d6c6f971",
                "sha256:f5735a65831dd3dd112e62ed6f0c36df257346b336d01e97a2e8b0be75ec5a3f",
                "sha256:f75df0a7f1dab354cd092ee9c466efb3556f87ecf103683cecc0f7488e9dbf77"
            ],
            "markers": "python_version >= '3.8'",
            "version": "==1.17.4rc1"
        }
    },
    "develop": {}
}
